
Microsoft Visual Studio Solution File, Format Version 12.00
# Visual Studio Version 17
VisualStudioVersion = 17.7.34221.43
MinimumVisualStudioVersion = 10.0.40219.1
Project("{FAE04EC0-301F-11D3-BF4B-00C04F79EFBC}") = "EFCoreFirstExample", "EFCoreFirstExample.csproj", "{EDE8D38C-9DEB-4F69-B1CE-23F10E59D929}"
EndProject
Global
	GlobalSection(SolutionConfigurationPlatforms) = preSolution
		Debug|Any CPU = Debug|Any CPU
		Release|Any CPU = Release|Any CPU
	EndGlobalSection
	GlobalSection(ProjectConfigurationPlatforms) = postSolution
		{EDE8D38C-9DEB-4F69-B1CE-23F10E59D929}.Debug|Any CPU.ActiveCfg = Debug|Any CPU
		{EDE8D38C-9DEB-4F69-B1CE-23F10E59D929}.Debug|Any CPU.Build.0 = Debug|Any CPU
		{EDE8D38C-9DEB-4F69-B1CE-23F10E59D929}.Release|Any CPU.ActiveCfg = Release|Any CPU
		{EDE8D38C-9DEB-4F69-B1CE-23F10E59D929}.Release|Any CPU.Build.0 = Release|Any CPU
	EndGlobalSection
	GlobalSection(SolutionProperties) = preSolution
		HideSolutionNode = FALSE
	EndGlobalSection
	GlobalSection(ExtensibilityGlobals) = postSolution
		SolutionGuid = {D2C11B49-3F6A-42E3-A898-1A5B647A3796}
	EndGlobalSection
EndGlobal
